# This file is automatically @generated by Cargo.
# It is not intended for manual editing.
version = 4

[[package]]
name = "bitflags"
version = "0.1.1"
source = "registry+https://github.com/rust-lang/crates.io-index"
checksum = "2a6577517ecd0ee0934f48a7295a89aaef3e6dfafeac404f94c0b3448518ddfe"

[[package]]
name = "cc"
version = "1.2.44"
source = "registry+https://github.com/rust-lang/crates.io-index"
checksum = "37521ac7aabe3d13122dc382493e20c9416f299d2ccd5b3a5340a2570cdeb0f3"
dependencies = [
 "find-msvc-tools",
 "shlex",
]

[[package]]
name = "find-msvc-tools"
version = "0.1.4"
source = "registry+https://github.com/rust-lang/crates.io-index"
checksum = "52051878f80a721bb68ebfbc930e07b65ba72f2da88968ea5c06fd6ca3d3a127"

[[package]]
name = "lazy_static"
version = "0.1.16"
source = "registry+https://github.com/rust-lang/crates.io-index"
checksum = "cf186d1a8aa5f5bee5fd662bc9c1b949e0259e1bcc379d1f006847b0080c7417"

[[package]]
name = "pkg-config"
version = "0.3.32"
source = "registry+https://github.com/rust-lang/crates.io-index"
checksum = "7edddbd0b52d732b21ad9a5fab5c704c14cd949e5e9a1ec5929a24fded1b904c"

[[package]]
name = "rust-roguelike"
version = "0.1.0"
dependencies = [
 "tcod",
]

[[package]]
name = "shlex"
version = "1.3.0"
source = "registry+https://github.com/rust-lang/crates.io-index"
checksum = "0fda2ff0d084019ba4d7c6f371c95d8fd75ce3524c3cb8fb653a3023f6323e64"

[[package]]
name = "tcod"
version = "0.15.0"
source = "registry+https://github.com/rust-lang/crates.io-index"
checksum = "44e518b0661949712e8dbc6d6d9d7c00a405dd88bc539102c1edfc2d22e5e144"
dependencies = [
 "bitflags",
 "lazy_static",
 "tcod-sys",
]

[[package]]
name = "tcod-sys"
version = "5.0.1"
source = "registry+https://github.com/rust-lang/crates.io-index"
checksum = "730fb27d2261f7c860ae7a61c3ae70277f0836173ceeccb594193abb4fa5f4aa"
dependencies = [
 "cc",
 "pkg-config",
]
